
Microsoft Visual Studio Solution File, Format Version 12.00
# Visual Studio Version 17
VisualStudioVersion = 17.1.32210.238
MinimumVisualStudioVersion = 10.0.40219.1
Project("{9A19103F-16F7-4668-BE54-9A1E7A4F7556}") = "AirAstanaWebAPI", "AirAstanaWebAPI\AirAstanaWebAPI.csproj", "{C957E3C1-6F82-4D75-9DA8-530F086890D3}"
EndProject
Project("{9A19103F-16F7-4668-BE54-9A1E7A4F7556}") = "Application", "Application\Application.csproj", "{EF0DC9C5-B1AD-456E-B50B-368CDAB31500}"
EndProject
Project("{9A19103F-16F7-4668-BE54-9A1E7A4F7556}") = "Domain", "Domain\Domain.csproj", "{01E8B45F-3B86-4C2C-9FE8-700418F689BF}"
EndProject
Project("{9A19103F-16F7-4668-BE54-9A1E7A4F7556}") = "Shared", "Shared\Shared.csproj", "{3E17DB18-F3F2-4A55-B707-6B24721E2063}"
EndProject
Project("{2150E333-8FDC-42A3-9474-1A3956D46DE8}") = "Core", "Core", "{F3DBEDD2-5B24-4DB3-88F1-99B9B847EF03}"
EndProject
Project("{2150E333-8FDC-42A3-9474-1A3956D46DE8}") = "Infrastructure", "Infrastructure", "{68C4BF97-5208-4C95-8F06-BB0783DBE391}"
EndProject
Project("{2150E333-8FDC-42A3-9474-1A3956D46DE8}") = "Presentation", "Presentation", "{93CA1C62-32D4-48A0-93A2-4D5F68742134}"
EndProject
Project("{FAE04EC0-301F-11D3-BF4B-00C04F79EFBC}") = "Logging", "Logging\Logging.csproj", "{71BC801C-6074-4819-A394-1A48260B9072}"
EndProject
Project("{FAE04EC0-301F-11D3-BF4B-00C04F79EFBC}") = "Persistence", "Persistence\Persistence.csproj", "{F57A622E-C616-41AE-BB3D-798951E3BD93}"
EndProject
Project("{FAE04EC0-301F-11D3-BF4B-00C04F79EFBC}") = "Services", "Services\Services.csproj", "{66F09346-5C5E-4B0A-891A-235E9CC2326E}"
EndProject
Global
	GlobalSection(SolutionConfigurationPlatforms) = preSolution
		Debug|Any CPU = Debug|Any CPU
		Release|Any CPU = Release|Any CPU
	EndGlobalSection
	GlobalSection(ProjectConfigurationPlatforms) = postSolution
		{C957E3C1-6F82-4D75-9DA8-530F086890D3}.Debug|Any CPU.ActiveCfg = Debug|Any CPU
		{C957E3C1-6F82-4D75-9DA8-530F086890D3}.Debug|Any CPU.Build.0 = Debug|Any CPU
		{C957E3C1-6F82-4D75-9DA8-530F086890D3}.Release|Any CPU.ActiveCfg = Release|Any CPU
		{C957E3C1-6F82-4D75-9DA8-530F086890D3}.Release|Any CPU.Build.0 = Release|Any CPU
		{EF0DC9C5-B1AD-456E-B50B-368CDAB31500}.Debug|Any CPU.ActiveCfg = Debug|Any CPU
		{EF0DC9C5-B1AD-456E-B50B-368CDAB31500}.Debug|Any CPU.Build.0 = Debug|Any CPU
		{EF0DC9C5-B1AD-456E-B50B-368CDAB31500}.Release|Any CPU.ActiveCfg = Release|Any CPU
		{EF0DC9C5-B1AD-456E-B50B-368CDAB31500}.Release|Any CPU.Build.0 = Release|Any CPU
		{01E8B45F-3B86-4C2C-9FE8-700418F689BF}.Debug|Any CPU.ActiveCfg = Debug|Any CPU
		{01E8B45F-3B86-4C2C-9FE8-700418F689BF}.Debug|Any CPU.Build.0 = Debug|Any CPU
		{01E8B45F-3B86-4C2C-9FE8-700418F689BF}.Release|Any CPU.ActiveCfg = Release|Any CPU
		{01E8B45F-3B86-4C2C-9FE8-700418F689BF}.Release|Any CPU.Build.0 = Release|Any CPU
		{3E17DB18-F3F2-4A55-B707-6B24721E2063}.Debug|Any CPU.ActiveCfg = Debug|Any CPU
		{3E17DB18-F3F2-4A55-B707-6B24721E2063}.Debug|Any CPU.Build.0 = Debug|Any CPU
		{3E17DB18-F3F2-4A55-B707-6B24721E2063}.Release|Any CPU.ActiveCfg = Release|Any CPU
		{3E17DB18-F3F2-4A55-B707-6B24721E2063}.Release|Any CPU.Build.0 = Release|Any CPU
		{71BC801C-6074-4819-A394-1A48260B9072}.Debug|Any CPU.ActiveCfg = Debug|Any CPU
		{71BC801C-6074-4819-A394-1A48260B9072}.Debug|Any CPU.Build.0 = Debug|Any CPU
		{71BC801C-6074-4819-A394-1A48260B9072}.Release|Any CPU.ActiveCfg = Release|Any CPU
		{71BC801C-6074-4819-A394-1A48260B9072}.Release|Any CPU.Build.0 = Release|Any CPU
		{F57A622E-C616-41AE-BB3D-798951E3BD93}.Debug|Any CPU.ActiveCfg = Debug|Any CPU
		{F57A622E-C616-41AE-BB3D-798951E3BD93}.Debug|Any CPU.Build.0 = Debug|Any CPU
		{F57A622E-C616-41AE-BB3D-798951E3BD93}.Release|Any CPU.ActiveCfg = Release|Any CPU
		{F57A622E-C616-41AE-BB3D-798951E3BD93}.Release|Any CPU.Build.0 = Release|Any CPU
		{66F09346-5C5E-4B0A-891A-235E9CC2326E}.Debug|Any CPU.ActiveCfg = Debug|Any CPU
		{66F09346-5C5E-4B0A-891A-235E9CC2326E}.Debug|Any CPU.Build.0 = Debug|Any CPU
		{66F09346-5C5E-4B0A-891A-235E9CC2326E}.Release|Any CPU.ActiveCfg = Release|Any CPU
		{66F09346-5C5E-4B0A-891A-235E9CC2326E}.Release|Any CPU.Build.0 = Release|Any CPU
	EndGlobalSection
	GlobalSection(SolutionProperties) = preSolution
		HideSolutionNode = FALSE
	EndGlobalSection
	GlobalSection(NestedProjects) = preSolution
		{C957E3C1-6F82-4D75-9DA8-530F086890D3} = {93CA1C62-32D4-48A0-93A2-4D5F68742134}
		{EF0DC9C5-B1AD-456E-B50B-368CDAB31500} = {F3DBEDD2-5B24-4DB3-88F1-99B9B847EF03}
		{01E8B45F-3B86-4C2C-9FE8-700418F689BF} = {F3DBEDD2-5B24-4DB3-88F1-99B9B847EF03}
		{3E17DB18-F3F2-4A55-B707-6B24721E2063} = {F3DBEDD2-5B24-4DB3-88F1-99B9B847EF03}
		{71BC801C-6074-4819-A394-1A48260B9072} = {68C4BF97-5208-4C95-8F06-BB0783DBE391}
		{F57A622E-C616-41AE-BB3D-798951E3BD93} = {68C4BF97-5208-4C95-8F06-BB0783DBE391}
		{66F09346-5C5E-4B0A-891A-235E9CC2326E} = {68C4BF97-5208-4C95-8F06-BB0783DBE391}
	EndGlobalSection
	GlobalSection(ExtensibilityGlobals) = postSolution
		SolutionGuid = {884D5E58-8D8A-4509-822C-41A244EB1C9F}
	EndGlobalSection
EndGlobal
